
Microsoft Visual Studio Solution File, Format Version 12.00
# Visual Studio Version 16
VisualStudioVersion = 16.0.31005.135
MinimumVisualStudioVersion = 10.0.40219.1
Project("{9A19103F-16F7-4668-BE54-9A1E7A4F7556}") = "WebCoreTemplate.Web.Apps", "WebCoreTemplate.Web.Apps\WebCoreTemplate.Web.Apps.csproj", "{504648E4-81D1-4C82-9C24-8D158792E2F6}"
EndProject
Project("{9A19103F-16F7-4668-BE54-9A1E7A4F7556}") = "WebCoreTemplate.Api", "WebCoreTemplate.Api\WebCoreTemplate.Api.csproj", "{6AC65FD7-A69C-4B10-AB74-1965FD9281FC}"
EndProject
Project("{FAE04EC0-301F-11D3-BF4B-00C04F79EFBC}") = "WebCoreTemplate.Models", "WebCoreTemplate.Models\WebCoreTemplate.Models.csproj", "{6D9C907E-E928-46D4-B7E5-72CBF52CF5BC}"
EndProject
Project("{FAE04EC0-301F-11D3-BF4B-00C04F79EFBC}") = "WebCoreTemplate.Repositories", "WebCoreTemplate.Repositories\WebCoreTemplate.Repositories.csproj", "{93F440CA-3547-40C6-B9AC-CE844391B461}"
EndProject
Global
	GlobalSection(SolutionConfigurationPlatforms) = preSolution
		Debug|Any CPU = Debug|Any CPU
		Release|Any CPU = Release|Any CPU
	EndGlobalSection
	GlobalSection(ProjectConfigurationPlatforms) = postSolution
		{504648E4-81D1-4C82-9C24-8D158792E2F6}.Debug|Any CPU.ActiveCfg = Debug|Any CPU
		{504648E4-81D1-4C82-9C24-8D158792E2F6}.Debug|Any CPU.Build.0 = Debug|Any CPU
		{504648E4-81D1-4C82-9C24-8D158792E2F6}.Release|Any CPU.ActiveCfg = Release|Any CPU
		{504648E4-81D1-4C82-9C24-8D158792E2F6}.Release|Any CPU.Build.0 = Release|Any CPU
		{6AC65FD7-A69C-4B10-AB74-1965FD9281FC}.Debug|Any CPU.ActiveCfg = Debug|Any CPU
		{6AC65FD7-A69C-4B10-AB74-1965FD9281FC}.Debug|Any CPU.Build.0 = Debug|Any CPU
		{6AC65FD7-A69C-4B10-AB74-1965FD9281FC}.Release|Any CPU.ActiveCfg = Release|Any CPU
		{6AC65FD7-A69C-4B10-AB74-1965FD9281FC}.Release|Any CPU.Build.0 = Release|Any CPU
		{6D9C907E-E928-46D4-B7E5-72CBF52CF5BC}.Debug|Any CPU.ActiveCfg = Debug|Any CPU
		{6D9C907E-E928-46D4-B7E5-72CBF52CF5BC}.Debug|Any CPU.Build.0 = Debug|Any CPU
		{6D9C907E-E928-46D4-B7E5-72CBF52CF5BC}.Release|Any CPU.ActiveCfg = Release|Any CPU
		{6D9C907E-E928-46D4-B7E5-72CBF52CF5BC}.Release|Any CPU.Build.0 = Release|Any CPU
		{93F440CA-3547-40C6-B9AC-CE844391B461}.Debug|Any CPU.ActiveCfg = Debug|Any CPU
		{93F440CA-3547-40C6-B9AC-CE844391B461}.Debug|Any CPU.Build.0 = Debug|Any CPU
		{93F440CA-3547-40C6-B9AC-CE844391B461}.Release|Any CPU.ActiveCfg = Release|Any CPU
		{93F440CA-3547-40C6-B9AC-CE844391B461}.Release|Any CPU.Build.0 = Release|Any CPU
	EndGlobalSection
	GlobalSection(SolutionProperties) = preSolution
		HideSolutionNode = FALSE
	EndGlobalSection
	GlobalSection(ExtensibilityGlobals) = postSolution
		SolutionGuid = {F02665C6-FD5B-4B72-B8F0-E99967D128E0}
	EndGlobalSection
EndGlobal
